
Microsoft Visual Studio Solution File, Format Version 12.00
# Visual Studio Version 16
VisualStudioVersion = 16.0.29728.190
MinimumVisualStudioVersion = 10.0.40219.1
Project("{FAE04EC0-301F-11D3-BF4B-00C04F79EFBC}") = "Rubik's Cube Interface", "Rubik's Cube Interface.csproj", "{3D74AF91-58AF-4F16-A953-EB40F88654C2}"
EndProject
Global
	GlobalSection(SolutionConfigurationPlatforms) = preSolution
		Debug|Any CPU = Debug|Any CPU
		Release|Any CPU = Release|Any CPU
	EndGlobalSection
	GlobalSection(ProjectConfigurationPlatforms) = postSolution
		{3D74AF91-58AF-4F16-A953-EB40F88654C2}.Debug|Any CPU.ActiveCfg = Debug|Any CPU
		{3D74AF91-58AF-4F16-A953-EB40F88654C2}.Debug|Any CPU.Build.0 = Debug|Any CPU
		{3D74AF91-58AF-4F16-A953-EB40F88654C2}.Release|Any CPU.ActiveCfg = Release|Any CPU
		{3D74AF91-58AF-4F16-A953-EB40F88654C2}.Release|Any CPU.Build.0 = Release|Any CPU
	EndGlobalSection
	GlobalSection(SolutionProperties) = preSolution
		HideSolutionNode = FALSE
	EndGlobalSection
	GlobalSection(ExtensibilityGlobals) = postSolution
		SolutionGuid = {77F41861-C089-4A16-9794-7C41A7F13E6B}
	EndGlobalSection
EndGlobal
